// !$*UTF8*$!
{
	archiveVersion = 1;
	classes = {
	};
	objectVersion = 52;
	objects = {

/* Begin PBXBuildFile section */
		DF1A1AED25AB51D7001EC84F /* RegentLineView.swift in Sources */ = {isa = PBXBuildFile; fileRef = DF1A1AEC25AB51D7001EC84F /* RegentLineView.swift */; };
		DF2E73C7256C5DDF00EBE05D /* svea_rikeApp.swift in Sources */ = {isa = PBXBuildFile; fileRef = DF2E73C6256C5DDF00EBE05D /* svea_rikeApp.swift */; };
		DF2E73C9256C5DDF00EBE05D /* ContentView.swift in Sources */ = {isa = PBXBuildFile; fileRef = DF2E73C8256C5DDF00EBE05D /* ContentView.swift */; };
		DF2E73CB256C5DE100EBE05D /* Assets.xcassets in Resources */ = {isa = PBXBuildFile; fileRef = DF2E73CA256C5DE100EBE05D /* Assets.xcassets */; };
		DF2E73CE256C5DE100EBE05D /* Preview Assets.xcassets in Resources */ = {isa = PBXBuildFile; fileRef = DF2E73CD256C5DE100EBE05D /* Preview Assets.xcassets */; };
		DF34620E257C3B82005814AC /* PlayerTurnView.swift in Sources */ = {isa = PBXBuildFile; fileRef = DF34620D257C3B82005814AC /* PlayerTurnView.swift */; };
		DF4EA06C29D0F010004587B9 /* HistoryCardPickerView.swift in Sources */ = {isa = PBXBuildFile; fileRef = DF4EA06B29D0F010004587B9 /* HistoryCardPickerView.swift */; };
		DF56D20E29CBA4B500D95BB9 /* Common in Frameworks */ = {isa = PBXBuildFile; productRef = DF56D20D29CBA4B500D95BB9 /* Common */; };
		DF56D21929CBA9FF00D95BB9 /* SwiftFormat in Frameworks */ = {isa = PBXBuildFile; productRef = DF56D21829CBA9FF00D95BB9 /* SwiftFormat */; };
		DF6114F125ABA7F600730240 /* InventoryView.swift in Sources */ = {isa = PBXBuildFile; fileRef = DF6114F025ABA7F600730240 /* InventoryView.swift */; };
		DFBAB07729CBA0CF003C3F6E /* GameLogic in Frameworks */ = {isa = PBXBuildFile; productRef = DFBAB07629CBA0CF003C3F6E /* GameLogic */; };
		DFBAB07929CBA0D4003C3F6E /* Models in Frameworks */ = {isa = PBXBuildFile; productRef = DFBAB07829CBA0D4003C3F6E /* Models */; };
		DFF6DF6929CA83E300A18BC0 /* Resources in Frameworks */ = {isa = PBXBuildFile; productRef = DFF6DF6829CA83E300A18BC0 /* Resources */; };
/* End PBXBuildFile section */

/* Begin PBXFileReference section */
		DF1A1AEC25AB51D7001EC84F /* RegentLineView.swift */ = {isa = PBXFileReference; lastKnownFileType = sourcecode.swift; path = RegentLineView.swift; sourceTree = "<group>"; };
		DF2E73C3256C5DDF00EBE05D /* svea_rike.app */ = {isa = PBXFileReference; explicitFileType = wrapper.application; includeInIndex = 0; path = svea_rike.app; sourceTree = BUILT_PRODUCTS_DIR; };
		DF2E73C6256C5DDF00EBE05D /* svea_rikeApp.swift */ = {isa = PBXFileReference; lastKnownFileType = sourcecode.swift; path = svea_rikeApp.swift; sourceTree = "<group>"; };
		DF2E73C8256C5DDF00EBE05D /* ContentView.swift */ = {isa = PBXFileReference; lastKnownFileType = sourcecode.swift; path = ContentView.swift; sourceTree = "<group>"; };
		DF2E73CA256C5DE100EBE05D /* Assets.xcassets */ = {isa = PBXFileReference; lastKnownFileType = folder.assetcatalog; path = Assets.xcassets; sourceTree = "<group>"; };
		DF2E73CD256C5DE100EBE05D /* Preview Assets.xcassets */ = {isa = PBXFileReference; lastKnownFileType = folder.assetcatalog; path = "Preview Assets.xcassets"; sourceTree = "<group>"; };
		DF2E73CF256C5DE100EBE05D /* Info.plist */ = {isa = PBXFileReference; lastKnownFileType = text.plist.xml; path = Info.plist; sourceTree = "<group>"; };
		DF34620D257C3B82005814AC /* PlayerTurnView.swift */ = {isa = PBXFileReference; lastKnownFileType = sourcecode.swift; path = PlayerTurnView.swift; sourceTree = "<group>"; };
		DF4B77B6256C70550087150F /* svea_rike.entitlements */ = {isa = PBXFileReference; lastKnownFileType = text.plist.entitlements; path = svea_rike.entitlements; sourceTree = "<group>"; };
		DF4EA06B29D0F010004587B9 /* HistoryCardPickerView.swift */ = {isa = PBXFileReference; lastKnownFileType = sourcecode.swift; path = HistoryCardPickerView.swift; sourceTree = "<group>"; };
		DF56D20C29CBA40A00D95BB9 /* Common */ = {isa = PBXFileReference; lastKnownFileType = wrapper; path = Common; sourceTree = "<group>"; };
		DF6114F025ABA7F600730240 /* InventoryView.swift */ = {isa = PBXFileReference; lastKnownFileType = sourcecode.swift; path = InventoryView.swift; sourceTree = "<group>"; };
		DFBAB07429CB9F63003C3F6E /* GameLogic */ = {isa = PBXFileReference; lastKnownFileType = wrapper; path = GameLogic; sourceTree = "<group>"; };
		DFBAB07529CB9FA7003C3F6E /* Models */ = {isa = PBXFileReference; lastKnownFileType = wrapper; path = Models; sourceTree = "<group>"; };
		DFF6DF6329CA6C3600A18BC0 /* Resources */ = {isa = PBXFileReference; lastKnownFileType = wrapper; path = Resources; sourceTree = "<group>"; };
		DFF6DF6729CA834D00A18BC0 /* svea_rike.xctestplan */ = {isa = PBXFileReference; lastKnownFileType = text; name = svea_rike.xctestplan; path = svea_rike.xcodeproj/svea_rike.xctestplan; sourceTree = "<group>"; };
/* End PBXFileReference section */

/* Begin PBXFrameworksBuildPhase section */
		DF2E73C0256C5DDF00EBE05D /* Frameworks */ = {
			isa = PBXFrameworksBuildPhase;
			buildActionMask = 2147483647;
			files = (
				DFBAB07929CBA0D4003C3F6E /* Models in Frameworks */,
				DF56D21929CBA9FF00D95BB9 /* SwiftFormat in Frameworks */,
				DFF6DF6929CA83E300A18BC0 /* Resources in Frameworks */,
				DFBAB07729CBA0CF003C3F6E /* GameLogic in Frameworks */,
				DF56D20E29CBA4B500D95BB9 /* Common in Frameworks */,
			);
			runOnlyForDeploymentPostprocessing = 0;
		};
/* End PBXFrameworksBuildPhase section */

/* Begin PBXGroup section */
		DF1A1AEA25AB51B2001EC84F /* shared */ = {
			isa = PBXGroup;
			children = (
				DF1A1AEB25AB51BB001EC84F /* view */,
			);
			path = shared;
			sourceTree = "<group>";
		};
		DF1A1AEB25AB51BB001EC84F /* view */ = {
			isa = PBXGroup;
			children = (
				DF1A1AEC25AB51D7001EC84F /* RegentLineView.swift */,
				DF4EA06B29D0F010004587B9 /* HistoryCardPickerView.swift */,
			);
			path = view;
			sourceTree = "<group>";
		};
		DF2E73BA256C5DDF00EBE05D = {
			isa = PBXGroup;
			children = (
				DF56D20C29CBA40A00D95BB9 /* Common */,
				DFBAB07529CB9FA7003C3F6E /* Models */,
				DFF6DF6329CA6C3600A18BC0 /* Resources */,
				DFBAB07429CB9F63003C3F6E /* GameLogic */,
				DFF6DF6729CA834D00A18BC0 /* svea_rike.xctestplan */,
				DF2E73C5256C5DDF00EBE05D /* svea_rike */,
				DF2E73C4256C5DDF00EBE05D /* Products */,
				DFF6DF6429CA733300A18BC0 /* Frameworks */,
			);
			sourceTree = "<group>";
		};
		DF2E73C4256C5DDF00EBE05D /* Products */ = {
			isa = PBXGroup;
			children = (
				DF2E73C3256C5DDF00EBE05D /* svea_rike.app */,
			);
			name = Products;
			sourceTree = "<group>";
		};
		DF2E73C5256C5DDF00EBE05D /* svea_rike */ = {
			isa = PBXGroup;
			children = (
				DF1A1AEA25AB51B2001EC84F /* shared */,
				DF4B77B6256C70550087150F /* svea_rike.entitlements */,
				DF2E73C6256C5DDF00EBE05D /* svea_rikeApp.swift */,
				DF346210257C3B88005814AC /* scenes */,
				DF2E73CA256C5DE100EBE05D /* Assets.xcassets */,
				DF2E73CF256C5DE100EBE05D /* Info.plist */,
				DF2E73CC256C5DE100EBE05D /* Preview Content */,
			);
			path = svea_rike;
			sourceTree = "<group>";
		};
		DF2E73CC256C5DE100EBE05D /* Preview Content */ = {
			isa = PBXGroup;
			children = (
				DF2E73CD256C5DE100EBE05D /* Preview Assets.xcassets */,
			);
			path = "Preview Content";
			sourceTree = "<group>";
		};
		DF346210257C3B88005814AC /* scenes */ = {
			isa = PBXGroup;
			children = (
				DF2E73C8256C5DDF00EBE05D /* ContentView.swift */,
				DF34620D257C3B82005814AC /* PlayerTurnView.swift */,
				DF6114F025ABA7F600730240 /* InventoryView.swift */,
			);
			path = scenes;
			sourceTree = "<group>";
		};
		DFF6DF6429CA733300A18BC0 /* Frameworks */ = {
			isa = PBXGroup;
			children = (
			);
			name = Frameworks;
			sourceTree = "<group>";
		};
/* End PBXGroup section */

/* Begin PBXNativeTarget section */
		DF2E73C2256C5DDF00EBE05D /* svea_rike */ = {
			isa = PBXNativeTarget;
			buildConfigurationList = DF2E73D2256C5DE100EBE05D /* Build configuration list for PBXNativeTarget "svea_rike" */;
			buildPhases = (
				DF2E73BF256C5DDF00EBE05D /* Sources */,
				DF2E73C0256C5DDF00EBE05D /* Frameworks */,
				DF2E73C1256C5DDF00EBE05D /* Resources */,
			);
			buildRules = (
			);
			dependencies = (
			);
			name = svea_rike;
			packageProductDependencies = (
				DFF6DF6829CA83E300A18BC0 /* Resources */,
				DFBAB07629CBA0CF003C3F6E /* GameLogic */,
				DFBAB07829CBA0D4003C3F6E /* Models */,
				DF56D20D29CBA4B500D95BB9 /* Common */,
				DF56D21829CBA9FF00D95BB9 /* SwiftFormat */,
			);
			productName = svea_rike;
			productReference = DF2E73C3256C5DDF00EBE05D /* svea_rike.app */;
			productType = "com.apple.product-type.application";
		};
/* End PBXNativeTarget section */

/* Begin PBXProject section */
		DF2E73BB256C5DDF00EBE05D /* Project object */ = {
			isa = PBXProject;
			attributes = {
				LastSwiftUpdateCheck = 1220;
				LastUpgradeCheck = 1220;
				TargetAttributes = {
					DF2E73C2256C5DDF00EBE05D = {
						CreatedOnToolsVersion = 12.2;
					};
				};
			};
			buildConfigurationList = DF2E73BE256C5DDF00EBE05D /* Build configuration list for PBXProject "svea_rike" */;
			compatibilityVersion = "Xcode 9.3";
			developmentRegion = en;
			hasScannedForEncodings = 0;
			knownRegions = (
				en,
				Base,
			);
			mainGroup = DF2E73BA256C5DDF00EBE05D;
			packageReferences = (
				DF56D20F29CBA95F00D95BB9 /* XCRemoteSwiftPackageReference "SwiftFormat" */,
			);
			productRefGroup = DF2E73C4256C5DDF00EBE05D /* Products */;
			projectDirPath = "";
			projectRoot = "";
			targets = (
				DF2E73C2256C5DDF00EBE05D /* svea_rike */,
			);
		};
/* End PBXProject section */

/* Begin PBXResourcesBuildPhase section */
		DF2E73C1256C5DDF00EBE05D /* Resources */ = {
			isa = PBXResourcesBuildPhase;
			buildActionMask = 2147483647;
			files = (
				DF2E73CE256C5DE100EBE05D /* Preview Assets.xcassets in Resources */,
				DF2E73CB256C5DE100EBE05D /* Assets.xcassets in Resources */,
			);
			runOnlyForDeploymentPostprocessing = 0;
		};
/* End PBXResourcesBuildPhase section */

/* Begin PBXSourcesBuildPhase section */
		DF2E73BF256C5DDF00EBE05D /* Sources */ = {
			isa = PBXSourcesBuildPhase;
			buildActionMask = 2147483647;
			files = (
				DF2E73C9256C5DDF00EBE05D /* ContentView.swift in Sources */,
				DF1A1AED25AB51D7001EC84F /* RegentLineView.swift in Sources */,
				DF2E73C7256C5DDF00EBE05D /* svea_rikeApp.swift in Sources */,
				DF4EA06C29D0F010004587B9 /* HistoryCardPickerView.swift in Sources */,
				DF6114F125ABA7F600730240 /* InventoryView.swift in Sources */,
				DF34620E257C3B82005814AC /* PlayerTurnView.swift in Sources */,
			);
			runOnlyForDeploymentPostprocessing = 0;
		};
/* End PBXSourcesBuildPhase section */

/* Begin XCBuildConfiguration section */
		DF2E73D0256C5DE100EBE05D /* Debug */ = {
			isa = XCBuildConfiguration;
			buildSettings = {
				ALWAYS_SEARCH_USER_PATHS = NO;
				CLANG_ANALYZER_NONNULL = YES;
				CLANG_ANALYZER_NUMBER_OBJECT_CONVERSION = YES_AGGRESSIVE;
				CLANG_CXX_LANGUAGE_STANDARD = "gnu++14";
				CLANG_CXX_LIBRARY = "libc++";
				CLANG_ENABLE_MODULES = YES;
				CLANG_ENABLE_OBJC_ARC = YES;
				CLANG_ENABLE_OBJC_WEAK = YES;
				CLANG_WARN_BLOCK_CAPTURE_AUTORELEASING = YES;
				CLANG_WARN_BOOL_CONVERSION = YES;
				CLANG_WARN_COMMA = YES;
				CLANG_WARN_CONSTANT_CONVERSION = YES;
				CLANG_WARN_DEPRECATED_OBJC_IMPLEMENTATIONS = YES;
				CLANG_WARN_DIRECT_OBJC_ISA_USAGE = YES_ERROR;
				CLANG_WARN_DOCUMENTATION_COMMENTS = YES;
				CLANG_WARN_EMPTY_BODY = YES;
				CLANG_WARN_ENUM_CONVERSION = YES;
				CLANG_WARN_INFINITE_RECURSION = YES;
				CLANG_WARN_INT_CONVERSION = YES;
				CLANG_WARN_NON_LITERAL_NULL_CONVERSION = YES;
				CLANG_WARN_OBJC_IMPLICIT_RETAIN_SELF = YES;
				CLANG_WARN_OBJC_LITERAL_CONVERSION = YES;
				CLANG_WARN_OBJC_ROOT_CLASS = YES_ERROR;
				CLANG_WARN_QUOTED_INCLUDE_IN_FRAMEWORK_HEADER = YES;
				CLANG_WARN_RANGE_LOOP_ANALYSIS = YES;
				CLANG_WARN_STRICT_PROTOTYPES = YES;
				CLANG_WARN_SUSPICIOUS_MOVE = YES;
				CLANG_WARN_UNGUARDED_AVAILABILITY = YES_AGGRESSIVE;
				CLANG_WARN_UNREACHABLE_CODE = YES;
				CLANG_WARN__DUPLICATE_METHOD_MATCH = YES;
				COPY_PHASE_STRIP = NO;
				DEBUG_INFORMATION_FORMAT = dwarf;
				ENABLE_STRICT_OBJC_MSGSEND = YES;
				ENABLE_TESTABILITY = YES;
				GCC_C_LANGUAGE_STANDARD = gnu11;
				GCC_DYNAMIC_NO_PIC = NO;
				GCC_NO_COMMON_BLOCKS = YES;
				GCC_OPTIMIZATION_LEVEL = 0;
				GCC_PREPROCESSOR_DEFINITIONS = (
					"DEBUG=1",
					"$(inherited)",
				);
				GCC_WARN_64_TO_32_BIT_CONVERSION = YES;
				GCC_WARN_ABOUT_RETURN_TYPE = YES_ERROR;
				GCC_WARN_UNDECLARED_SELECTOR = YES;
				GCC_WARN_UNINITIALIZED_AUTOS = YES_AGGRESSIVE;
				GCC_WARN_UNUSED_FUNCTION = YES;
				GCC_WARN_UNUSED_VARIABLE = YES;
				IPHONEOS_DEPLOYMENT_TARGET = 16.0;
				MTL_ENABLE_DEBUG_INFO = INCLUDE_SOURCE;
				MTL_FAST_MATH = YES;
				ONLY_ACTIVE_ARCH = YES;
				SDKROOT = iphoneos;
				SWIFT_ACTIVE_COMPILATION_CONDITIONS = DEBUG;
				SWIFT_OPTIMIZATION_LEVEL = "-Onone";
			};
			name = Debug;
		};
		DF2E73D1256C5DE100EBE05D /* Release */ = {
			isa = XCBuildConfiguration;
			buildSettings = {
				ALWAYS_SEARCH_USER_PATHS = NO;
				CLANG_ANALYZER_NONNULL = YES;
				CLANG_ANALYZER_NUMBER_OBJECT_CONVERSION = YES_AGGRESSIVE;
				CLANG_CXX_LANGUAGE_STANDARD = "gnu++14";
				CLANG_CXX_LIBRARY = "libc++";
				CLANG_ENABLE_MODULES = YES;
				CLANG_ENABLE_OBJC_ARC = YES;
				CLANG_ENABLE_OBJC_WEAK = YES;
				CLANG_WARN_BLOCK_CAPTURE_AUTORELEASING = YES;
				CLANG_WARN_BOOL_CONVERSION = YES;
				CLANG_WARN_COMMA = YES;
				CLANG_WARN_CONSTANT_CONVERSION = YES;
				CLANG_WARN_DEPRECATED_OBJC_IMPLEMENTATIONS = YES;
				CLANG_WARN_DIRECT_OBJC_ISA_USAGE = YES_ERROR;
				CLANG_WARN_DOCUMENTATION_COMMENTS = YES;
				CLANG_WARN_EMPTY_BODY = YES;
				CLANG_WARN_ENUM_CONVERSION = YES;
				CLANG_WARN_INFINITE_RECURSION = YES;
				CLANG_WARN_INT_CONVERSION = YES;
				CLANG_WARN_NON_LITERAL_NULL_CONVERSION = YES;
				CLANG_WARN_OBJC_IMPLICIT_RETAIN_SELF = YES;
				CLANG_WARN_OBJC_LITERAL_CONVERSION = YES;
				CLANG_WARN_OBJC_ROOT_CLASS = YES_ERROR;
				CLANG_WARN_QUOTED_INCLUDE_IN_FRAMEWORK_HEADER = YES;
				CLANG_WARN_RANGE_LOOP_ANALYSIS = YES;
				CLANG_WARN_STRICT_PROTOTYPES = YES;
				CLANG_WARN_SUSPICIOUS_MOVE = YES;
				CLANG_WARN_UNGUARDED_AVAILABILITY = YES_AGGRESSIVE;
				CLANG_WARN_UNREACHABLE_CODE = YES;
				CLANG_WARN__DUPLICATE_METHOD_MATCH = YES;
				COPY_PHASE_STRIP = NO;
				DEBUG_INFORMATION_FORMAT = "dwarf-with-dsym";
				ENABLE_NS_ASSERTIONS = NO;
				ENABLE_STRICT_OBJC_MSGSEND = YES;
				GCC_C_LANGUAGE_STANDARD = gnu11;
				GCC_NO_COMMON_BLOCKS = YES;
				GCC_WARN_64_TO_32_BIT_CONVERSION = YES;
				GCC_WARN_ABOUT_RETURN_TYPE = YES_ERROR;
				GCC_WARN_UNDECLARED_SELECTOR = YES;
				GCC_WARN_UNINITIALIZED_AUTOS = YES_AGGRESSIVE;
				GCC_WARN_UNUSED_FUNCTION = YES;
				GCC_WARN_UNUSED_VARIABLE = YES;
				IPHONEOS_DEPLOYMENT_TARGET = 16.0;
				MTL_ENABLE_DEBUG_INFO = NO;
				MTL_FAST_MATH = YES;
				SDKROOT = iphoneos;
				SWIFT_COMPILATION_MODE = wholemodule;
				SWIFT_OPTIMIZATION_LEVEL = "-O";
				VALIDATE_PRODUCT = YES;
			};
			name = Release;
		};
		DF2E73D3256C5DE100EBE05D /* Debug */ = {
			isa = XCBuildConfiguration;
			buildSettings = {
				ASSETCATALOG_COMPILER_APPICON_NAME = AppIcon;
				ASSETCATALOG_COMPILER_GLOBAL_ACCENT_COLOR_NAME = AccentColor;
				CODE_SIGN_ENTITLEMENTS = svea_rike/svea_rike.entitlements;
				CODE_SIGN_STYLE = Automatic;
				DEVELOPMENT_ASSET_PATHS = "\"svea_rike/Preview Content\"";
				DEVELOPMENT_TEAM = N856DL6EH7;
				ENABLE_PREVIEWS = YES;
				INFOPLIST_FILE = svea_rike/Info.plist;
				IPHONEOS_DEPLOYMENT_TARGET = 16.0;
				"IPHONEOS_DEPLOYMENT_TARGET[sdk=macosx11.0]" = 16.0;
				LD_RUNPATH_SEARCH_PATHS = (
					"$(inherited)",
					"@executable_path/Frameworks",
				);
				PRODUCT_BUNDLE_IDENTIFIER = "se.appmeat.svea-rike";
				PRODUCT_NAME = "$(TARGET_NAME)";
				SUPPORTED_PLATFORMS = "iphoneos iphonesimulator";
				SUPPORTS_MACCATALYST = YES;
				SUPPORTS_MAC_DESIGNED_FOR_IPHONE_IPAD = NO;
				SWIFT_VERSION = 5.0;
				TARGETED_DEVICE_FAMILY = "1,2,6";
			};
			name = Debug;
		};
		DF2E73D4256C5DE100EBE05D /* Release */ = {
			isa = XCBuildConfiguration;
			buildSettings = {
				ASSETCATALOG_COMPILER_APPICON_NAME = AppIcon;
				ASSETCATALOG_COMPILER_GLOBAL_ACCENT_COLOR_NAME = AccentColor;
				CODE_SIGN_ENTITLEMENTS = svea_rike/svea_rike.entitlements;
				CODE_SIGN_STYLE = Automatic;
				DEVELOPMENT_ASSET_PATHS = "\"svea_rike/Preview Content\"";
				DEVELOPMENT_TEAM = N856DL6EH7;
				ENABLE_PREVIEWS = YES;
				INFOPLIST_FILE = svea_rike/Info.plist;
				IPHONEOS_DEPLOYMENT_TARGET = 16.0;
				"IPHONEOS_DEPLOYMENT_TARGET[sdk=macosx11.0]" = 16.0;
				LD_RUNPATH_SEARCH_PATHS = (
					"$(inherited)",
					"@executable_path/Frameworks",
				);
				PRODUCT_BUNDLE_IDENTIFIER = "se.appmeat.svea-rike";
				PRODUCT_NAME = "$(TARGET_NAME)";
				SUPPORTED_PLATFORMS = "iphoneos iphonesimulator";
				SUPPORTS_MACCATALYST = YES;
				SUPPORTS_MAC_DESIGNED_FOR_IPHONE_IPAD = NO;
				SWIFT_VERSION = 5.0;
				TARGETED_DEVICE_FAMILY = "1,2,6";
			};
			name = Release;
		};
/* End XCBuildConfiguration section */

/* Begin XCConfigurationList section */
		DF2E73BE256C5DDF00EBE05D /* Build configuration list for PBXProject "svea_rike" */ = {
			isa = XCConfigurationList;
			buildConfigurations = (
				DF2E73D0256C5DE100EBE05D /* Debug */,
				DF2E73D1256C5DE100EBE05D /* Release */,
			);
			defaultConfigurationIsVisible = 0;
			defaultConfigurationName = Release;
		};
		DF2E73D2256C5DE100EBE05D /* Build configuration list for PBXNativeTarget "svea_rike" */ = {
			isa = XCConfigurationList;
			buildConfigurations = (
				DF2E73D3256C5DE100EBE05D /* Debug */,
				DF2E73D4256C5DE100EBE05D /* Release */,
			);
			defaultConfigurationIsVisible = 0;
			defaultConfigurationName = Release;
		};
/* End XCConfigurationList section */

/* Begin XCRemoteSwiftPackageReference section */
		DF56D20F29CBA95F00D95BB9 /* XCRemoteSwiftPackageReference "SwiftFormat" */ = {
			isa = XCRemoteSwiftPackageReference;
			repositoryURL = "https://github.com/nicklockwood/SwiftFormat";
			requirement = {
				kind = upToNextMajorVersion;
				minimumVersion = 0.9.6;
			};
		};
/* End XCRemoteSwiftPackageReference section */

/* Begin XCSwiftPackageProductDependency section */
		DF56D20D29CBA4B500D95BB9 /* Common */ = {
			isa = XCSwiftPackageProductDependency;
			productName = Common;
		};
		DF56D21829CBA9FF00D95BB9 /* SwiftFormat */ = {
			isa = XCSwiftPackageProductDependency;
			package = DF56D20F29CBA95F00D95BB9 /* XCRemoteSwiftPackageReference "SwiftFormat" */;
			productName = SwiftFormat;
		};
		DFBAB07629CBA0CF003C3F6E /* GameLogic */ = {
			isa = XCSwiftPackageProductDependency;
			productName = GameLogic;
		};
		DFBAB07829CBA0D4003C3F6E /* Models */ = {
			isa = XCSwiftPackageProductDependency;
			productName = Models;
		};
		DFF6DF6829CA83E300A18BC0 /* Resources */ = {
			isa = XCSwiftPackageProductDependency;
			productName = Resources;
		};
/* End XCSwiftPackageProductDependency section */
	};
	rootObject = DF2E73BB256C5DDF00EBE05D /* Project object */;
}
